
Microsoft Visual Studio Solution File, Format Version 12.00
# Visual Studio 15
VisualStudioVersion = 15.0.27428.2037
MinimumVisualStudioVersion = 10.0.40219.1
Project("{FAE04EC0-301F-11D3-BF4B-00C04F79EFBC}") = "Project_Gestion_d'achat", "Project_Gestion_d'achat\Project_Gestion_d'achat.csproj", "{D897575D-53CD-4BB5-8CFF-425CF2E465FC}"
EndProject
Global
	GlobalSection(SolutionConfigurationPlatforms) = preSolution
		Debug|Any CPU = Debug|Any CPU
		Release|Any CPU = Release|Any CPU
	EndGlobalSection
	GlobalSection(ProjectConfigurationPlatforms) = postSolution
		{D897575D-53CD-4BB5-8CFF-425CF2E465FC}.Debug|Any CPU.ActiveCfg = Debug|Any CPU
		{D897575D-53CD-4BB5-8CFF-425CF2E465FC}.Debug|Any CPU.Build.0 = Debug|Any CPU
		{D897575D-53CD-4BB5-8CFF-425CF2E465FC}.Release|Any CPU.ActiveCfg = Release|Any CPU
		{D897575D-53CD-4BB5-8CFF-425CF2E465FC}.Release|Any CPU.Build.0 = Release|Any CPU
	EndGlobalSection
	GlobalSection(SolutionProperties) = preSolution
		HideSolutionNode = FALSE
	EndGlobalSection
	GlobalSection(ExtensibilityGlobals) = postSolution
		SolutionGuid = {011600FF-1F55-483B-8C02-EDAA8C0CFDF9}
	EndGlobalSection
EndGlobal
